
Microsoft Visual Studio Solution File, Format Version 12.00
# Visual Studio Version 17
VisualStudioVersion = 17.8.34316.72
MinimumVisualStudioVersion = 10.0.40219.1
Project("{9A19103F-16F7-4668-BE54-9A1E7A4F7556}") = "Project1", "Project1\Project1.csproj", "{D806264A-C57B-45F3-8C17-A5BAD8743AAD}"
EndProject
Global
	GlobalSection(SolutionConfigurationPlatforms) = preSolution
		Debug|Any CPU = Debug|Any CPU
		Release|Any CPU = Release|Any CPU
	EndGlobalSection
	GlobalSection(ProjectConfigurationPlatforms) = postSolution
		{D806264A-C57B-45F3-8C17-A5BAD8743AAD}.Debug|Any CPU.ActiveCfg = Debug|Any CPU
		{D806264A-C57B-45F3-8C17-A5BAD8743AAD}.Debug|Any CPU.Build.0 = Debug|Any CPU
		{D806264A-C57B-45F3-8C17-A5BAD8743AAD}.Release|Any CPU.ActiveCfg = Release|Any CPU
		{D806264A-C57B-45F3-8C17-A5BAD8743AAD}.Release|Any CPU.Build.0 = Release|Any CPU
	EndGlobalSection
	GlobalSection(SolutionProperties) = preSolution
		HideSolutionNode = FALSE
	EndGlobalSection
	GlobalSection(ExtensibilityGlobals) = postSolution
		SolutionGuid = {4C4FDFEC-FB26-4B01-B38E-FC783C6A1EF9}
	EndGlobalSection
EndGlobal
